
Microsoft Visual Studio Solution File, Format Version 12.00
# Visual Studio Version 17
VisualStudioVersion = 17.13.35931.197
MinimumVisualStudioVersion = 10.0.40219.1
Project("{FAE04EC0-301F-11D3-BF4B-00C04F79EFBC}") = "CardBinderApp", "CardBinderApp\CardBinderApp.csproj", "{ED766E29-8712-4F39-AF93-5A414C35AC05}"
EndProject
Project("{FAE04EC0-301F-11D3-BF4B-00C04F79EFBC}") = "CardLibrary", "CardLibrary\CardLibrary.csproj", "{E7D4698A-B11D-44CE-8ED6-A96CDCD6C874}"
EndProject
Project("{FAE04EC0-301F-11D3-BF4B-00C04F79EFBC}") = "CardInfrastructure", "CardInfrastructure\CardInfrastructure.csproj", "{EF75C966-7A44-45AF-8FD4-A96AC9CC677E}"
EndProject
Project("{FAE04EC0-301F-11D3-BF4B-00C04F79EFBC}") = "CardBinderApp.Tests", "CardBinderApp.Tests\CardBinderApp.Tests.csproj", "{105BB784-3498-4219-8CB3-CF411575F7D0}"
EndProject
Global
	GlobalSection(SolutionConfigurationPlatforms) = preSolution
		Debug|Any CPU = Debug|Any CPU
		Release|Any CPU = Release|Any CPU
	EndGlobalSection
	GlobalSection(ProjectConfigurationPlatforms) = postSolution
		{ED766E29-8712-4F39-AF93-5A414C35AC05}.Debug|Any CPU.ActiveCfg = Debug|Any CPU
		{ED766E29-8712-4F39-AF93-5A414C35AC05}.Debug|Any CPU.Build.0 = Debug|Any CPU
		{ED766E29-8712-4F39-AF93-5A414C35AC05}.Release|Any CPU.ActiveCfg = Release|Any CPU
		{ED766E29-8712-4F39-AF93-5A414C35AC05}.Release|Any CPU.Build.0 = Release|Any CPU
		{E7D4698A-B11D-44CE-8ED6-A96CDCD6C874}.Debug|Any CPU.ActiveCfg = Debug|Any CPU
		{E7D4698A-B11D-44CE-8ED6-A96CDCD6C874}.Debug|Any CPU.Build.0 = Debug|Any CPU
		{E7D4698A-B11D-44CE-8ED6-A96CDCD6C874}.Release|Any CPU.ActiveCfg = Release|Any CPU
		{E7D4698A-B11D-44CE-8ED6-A96CDCD6C874}.Release|Any CPU.Build.0 = Release|Any CPU
		{EF75C966-7A44-45AF-8FD4-A96AC9CC677E}.Debug|Any CPU.ActiveCfg = Debug|Any CPU
		{EF75C966-7A44-45AF-8FD4-A96AC9CC677E}.Debug|Any CPU.Build.0 = Debug|Any CPU
		{EF75C966-7A44-45AF-8FD4-A96AC9CC677E}.Release|Any CPU.ActiveCfg = Release|Any CPU
		{EF75C966-7A44-45AF-8FD4-A96AC9CC677E}.Release|Any CPU.Build.0 = Release|Any CPU
		{105BB784-3498-4219-8CB3-CF411575F7D0}.Debug|Any CPU.ActiveCfg = Debug|Any CPU
		{105BB784-3498-4219-8CB3-CF411575F7D0}.Debug|Any CPU.Build.0 = Debug|Any CPU
		{105BB784-3498-4219-8CB3-CF411575F7D0}.Release|Any CPU.ActiveCfg = Release|Any CPU
		{105BB784-3498-4219-8CB3-CF411575F7D0}.Release|Any CPU.Build.0 = Release|Any CPU
	EndGlobalSection
	GlobalSection(SolutionProperties) = preSolution
		HideSolutionNode = FALSE
	EndGlobalSection
	GlobalSection(ExtensibilityGlobals) = postSolution
		SolutionGuid = {0B56CE77-4343-4540-B1D1-2DAB99D8E4A1}
	EndGlobalSection
EndGlobal
